// !$*UTF8*$!
{
	archiveVersion = 1;
	classes = {
	};
	objectVersion = 55;
	objects = {

/* Begin PBXBuildFile section */
		9B7D67A4285D74160094C304 /* MaxCounters.swift in Sources */ = {isa = PBXBuildFile; fileRef = 9B7D67A3285D74160094C304 /* MaxCounters.swift */; };
		9B7D67AA285DACF60094C304 /* CountDiv.swift in Sources */ = {isa = PBXBuildFile; fileRef = 9B7D67A9285DACF60094C304 /* CountDiv.swift */; };
/* End PBXBuildFile section */

/* Begin PBXCopyFilesBuildPhase section */
		9B6CF91427C32FD1007384B2 /* CopyFiles */ = {
			isa = PBXCopyFilesBuildPhase;
			buildActionMask = 2147483647;
			dstPath = /usr/share/man/man1/;
			dstSubfolderSpec = 0;
			files = (
			);
			runOnlyForDeploymentPostprocessing = 1;
		};
/* End PBXCopyFilesBuildPhase section */

/* Begin PBXFileReference section */
		9B6CF91627C32FD1007384B2 /* SwiftAlgorithm */ = {isa = PBXFileReference; explicitFileType = "compiled.mach-o.executable"; includeInIndex = 0; path = SwiftAlgorithm; sourceTree = BUILT_PRODUCTS_DIR; };
		9B6CF92027C3301A007384B2 /* Programmers */ = {isa = PBXFileReference; lastKnownFileType = folder; path = Programmers; sourceTree = "<group>"; };
		9B6CF92127C3301A007384B2 /* BOJ */ = {isa = PBXFileReference; lastKnownFileType = folder; path = BOJ; sourceTree = "<group>"; };
		9B7D6795285C90BA0094C304 /* CyclicRotation.swift */ = {isa = PBXFileReference; lastKnownFileType = sourcecode.swift; path = CyclicRotation.swift; sourceTree = "<group>"; };
		9B7D6797285CAB620094C304 /* OddOccurrencesInArray.swift */ = {isa = PBXFileReference; lastKnownFileType = sourcecode.swift; path = OddOccurrencesInArray.swift; sourceTree = "<group>"; };
		9B7D6799285CB9E80094C304 /* FrogJmp.swift */ = {isa = PBXFileReference; lastKnownFileType = sourcecode.swift; path = FrogJmp.swift; sourceTree = "<group>"; };
		9B7D679B285CBC240094C304 /* PermMissingElem.swift */ = {isa = PBXFileReference; lastKnownFileType = sourcecode.swift; path = PermMissingElem.swift; sourceTree = "<group>"; };
		9B7D679D285CD2620094C304 /* TapeEquilibrium.swift */ = {isa = PBXFileReference; lastKnownFileType = sourcecode.swift; path = TapeEquilibrium.swift; sourceTree = "<group>"; };
		9B7D679F285D5BB10094C304 /* FrogRiverOne.swift */ = {isa = PBXFileReference; lastKnownFileType = sourcecode.swift; path = FrogRiverOne.swift; sourceTree = "<group>"; };
		9B7D67A1285D6CE80094C304 /* PermCheck.swift */ = {isa = PBXFileReference; lastKnownFileType = sourcecode.swift; path = PermCheck.swift; sourceTree = "<group>"; };
		9B7D67A3285D74160094C304 /* MaxCounters.swift */ = {isa = PBXFileReference; lastKnownFileType = sourcecode.swift; path = MaxCounters.swift; sourceTree = "<group>"; };
		9B7D67A5285D7E3A0094C304 /* MissingInteger.swift */ = {isa = PBXFileReference; lastKnownFileType = sourcecode.swift; path = MissingInteger.swift; sourceTree = "<group>"; };
		9B7D67A7285D9A8B0094C304 /* PassingCars.swift */ = {isa = PBXFileReference; lastKnownFileType = sourcecode.swift; path = PassingCars.swift; sourceTree = "<group>"; };
		9B7D67A9285DACF60094C304 /* CountDiv.swift */ = {isa = PBXFileReference; lastKnownFileType = sourcecode.swift; path = CountDiv.swift; sourceTree = "<group>"; };
		9B7D67AB285DD0640094C304 /* GenomicRangeQuery.swift */ = {isa = PBXFileReference; lastKnownFileType = sourcecode.swift; path = GenomicRangeQuery.swift; sourceTree = "<group>"; };
		9B7D67AD285E0F270094C304 /* MinAvgTwoSlice.swift */ = {isa = PBXFileReference; lastKnownFileType = sourcecode.swift; path = MinAvgTwoSlice.swift; sourceTree = "<group>"; };
		9B7D67AF285E9F0C0094C304 /* Distinct.swift */ = {isa = PBXFileReference; lastKnownFileType = sourcecode.swift; path = Distinct.swift; sourceTree = "<group>"; };
		9B7D67B1285E9F3D0094C304 /* MaxProductOfThree.swift */ = {isa = PBXFileReference; lastKnownFileType = sourcecode.swift; path = MaxProductOfThree.swift; sourceTree = "<group>"; };
		9B7D67B2285EA6440094C304 /* Triangle.swift */ = {isa = PBXFileReference; lastKnownFileType = sourcecode.swift; path = Triangle.swift; sourceTree = "<group>"; };
		9B90AB312890DA54004B2A06 /* 1689.swift */ = {isa = PBXFileReference; lastKnownFileType = sourcecode.swift; path = 1689.swift; sourceTree = "<group>"; };
		9B90AB342890F057004B2A06 /* 1108.swift */ = {isa = PBXFileReference; lastKnownFileType = sourcecode.swift; path = 1108.swift; sourceTree = "<group>"; };
		9B90AB362890F229004B2A06 /* 2011.swift */ = {isa = PBXFileReference; lastKnownFileType = sourcecode.swift; path = 2011.swift; sourceTree = "<group>"; };
		9B90AB382890F3D8004B2A06 /* 2236.swift */ = {isa = PBXFileReference; lastKnownFileType = sourcecode.swift; path = 2236.swift; sourceTree = "<group>"; };
		9B90AB3A28910015004B2A06 /* 1672.swift */ = {isa = PBXFileReference; lastKnownFileType = sourcecode.swift; path = 1672.swift; sourceTree = "<group>"; };
		9B90AB3C2891009E004B2A06 /* 2114.swift */ = {isa = PBXFileReference; lastKnownFileType = sourcecode.swift; path = 2114.swift; sourceTree = "<group>"; };
		9B90AB3E2891025C004B2A06 /* 1470.swift */ = {isa = PBXFileReference; lastKnownFileType = sourcecode.swift; path = 1470.swift; sourceTree = "<group>"; };
		9B90AB4028910391004B2A06 /* 1476.swift */ = {isa = PBXFileReference; lastKnownFileType = sourcecode.swift; path = 1476.swift; sourceTree = "<group>"; };
		9B90AB42289106C4004B2A06 /* 1476.swift */ = {isa = PBXFileReference; lastKnownFileType = sourcecode.swift; path = 1476.swift; sourceTree = "<group>"; };
		9B90AB4428910A3B004B2A06 /* 1512.swift */ = {isa = PBXFileReference; lastKnownFileType = sourcecode.swift; path = 1512.swift; sourceTree = "<group>"; };
		9B90AB4628914555004B2A06 /* 771.swift */ = {isa = PBXFileReference; lastKnownFileType = sourcecode.swift; path = 771.swift; sourceTree = "<group>"; };
		9B90AB48289149BF004B2A06 /* 1603.swift */ = {isa = PBXFileReference; lastKnownFileType = sourcecode.swift; path = 1603.swift; sourceTree = "<group>"; };
		9B90AB4A2891553A004B2A06 /* 1431.swift */ = {isa = PBXFileReference; lastKnownFileType = sourcecode.swift; path = 1431.swift; sourceTree = "<group>"; };
		9B90AB4C28920DFE004B2A06 /* 1302.swift */ = {isa = PBXFileReference; lastKnownFileType = sourcecode.swift; path = 1302.swift; sourceTree = "<group>"; };
		9B90AB4E2892126C004B2A06 /* 2181.swift */ = {isa = PBXFileReference; lastKnownFileType = sourcecode.swift; path = 2181.swift; sourceTree = "<group>"; };
		9B90AB5228923085004B2A06 /* 1281.swift */ = {isa = PBXFileReference; lastKnownFileType = sourcecode.swift; path = 1281.swift; sourceTree = "<group>"; };
		9B90AB5428923226004B2A06 /* 1365.swift */ = {isa = PBXFileReference; lastKnownFileType = sourcecode.swift; path = 1365.swift; sourceTree = "<group>"; };
		9B90AB5628925C73004B2A06 /* 344.swift */ = {isa = PBXFileReference; lastKnownFileType = sourcecode.swift; path = 344.swift; sourceTree = "<group>"; };
		9B90AB672892623F004B2A06 /* 46.swift */ = {isa = PBXFileReference; lastKnownFileType = sourcecode.swift; path = 46.swift; sourceTree = "<group>"; };
		9B90AB68289266A3004B2A06 /* 237.swift */ = {isa = PBXFileReference; lastKnownFileType = sourcecode.swift; path = 237.swift; sourceTree = "<group>"; };
		9B90AB6928927806004B2A06 /* 104.swift */ = {isa = PBXFileReference; lastKnownFileType = sourcecode.swift; path = 104.swift; sourceTree = "<group>"; };
		9BD5296D2876729F008B1340 /* 1.swift */ = {isa = PBXFileReference; lastKnownFileType = sourcecode.swift; path = 1.swift; sourceTree = "<group>"; };
		9BF206C028951AD300820C6E /* 226.swift */ = {isa = PBXFileReference; lastKnownFileType = sourcecode.swift; path = 226.swift; sourceTree = "<group>"; };
		9BF206C228951C5500820C6E /* 94.swift */ = {isa = PBXFileReference; lastKnownFileType = sourcecode.swift; path = 94.swift; sourceTree = "<group>"; };
		9BF206C428954B2100820C6E /* 206.swift */ = {isa = PBXFileReference; lastKnownFileType = sourcecode.swift; path = 206.swift; sourceTree = "<group>"; };
		9BF206C628955AB700820C6E /* 22.swift */ = {isa = PBXFileReference; lastKnownFileType = sourcecode.swift; path = 22.swift; sourceTree = "<group>"; };
		9BF206C8289613A100820C6E /* 136.swift */ = {isa = PBXFileReference; lastKnownFileType = sourcecode.swift; path = 136.swift; sourceTree = "<group>"; };
		9BF206CA2896173900820C6E /* 230.swift */ = {isa = PBXFileReference; lastKnownFileType = sourcecode.swift; path = 230.swift; sourceTree = "<group>"; };
		9BF206CC289629AB00820C6E /* 48.swift */ = {isa = PBXFileReference; lastKnownFileType = sourcecode.swift; path = 48.swift; sourceTree = "<group>"; };
		9BF206CE28963AC500820C6E /* 739.swift */ = {isa = PBXFileReference; lastKnownFileType = sourcecode.swift; path = 739.swift; sourceTree = "<group>"; };
		9BF206D2289668D800820C6E /* 39.swift */ = {isa = PBXFileReference; lastKnownFileType = sourcecode.swift; path = 39.swift; sourceTree = "<group>"; };
		9BF206D72897F20400820C6E /* 49.swift */ = {isa = PBXFileReference; lastKnownFileType = sourcecode.swift; path = 49.swift; sourceTree = "<group>"; };
		9BF206D92897F58100820C6E /* 169.swift */ = {isa = PBXFileReference; lastKnownFileType = sourcecode.swift; path = 169.swift; sourceTree = "<group>"; };
		9BF206DB2898076400820C6E /* 21.swift */ = {isa = PBXFileReference; lastKnownFileType = sourcecode.swift; path = 21.swift; sourceTree = "<group>"; };
/* End PBXFileReference section */

/* Begin PBXFrameworksBuildPhase section */
		9B6CF91327C32FD1007384B2 /* Frameworks */ = {
			isa = PBXFrameworksBuildPhase;
			buildActionMask = 2147483647;
			files = (
			);
			runOnlyForDeploymentPostprocessing = 0;
		};
/* End PBXFrameworksBuildPhase section */

/* Begin PBXGroup section */
		9B6CF90D27C32FD1007384B2 = {
			isa = PBXGroup;
			children = (
				9B6CF91827C32FD1007384B2 /* SwiftAlgorithm */,
				9B6CF91727C32FD1007384B2 /* Products */,
			);
			sourceTree = "<group>";
		};
		9B6CF91727C32FD1007384B2 /* Products */ = {
			isa = PBXGroup;
			children = (
				9B6CF91627C32FD1007384B2 /* SwiftAlgorithm */,
			);
			name = Products;
			sourceTree = "<group>";
		};
		9B6CF91827C32FD1007384B2 /* SwiftAlgorithm */ = {
			isa = PBXGroup;
			children = (
				9B90AB2F2890CCD3004B2A06 /* LeetCode */,
				9B7D6794285C90990094C304 /* Codility */,
				9B6CF92127C3301A007384B2 /* BOJ */,
				9B6CF92027C3301A007384B2 /* Programmers */,
			);
			path = SwiftAlgorithm;
			sourceTree = "<group>";
		};
		9B7D6794285C90990094C304 /* Codility */ = {
			isa = PBXGroup;
			children = (
				9B7D6795285C90BA0094C304 /* CyclicRotation.swift */,
				9B7D6797285CAB620094C304 /* OddOccurrencesInArray.swift */,
				9B7D6799285CB9E80094C304 /* FrogJmp.swift */,
				9B7D679B285CBC240094C304 /* PermMissingElem.swift */,
				9B7D679D285CD2620094C304 /* TapeEquilibrium.swift */,
				9B7D679F285D5BB10094C304 /* FrogRiverOne.swift */,
				9B7D67A1285D6CE80094C304 /* PermCheck.swift */,
				9B7D67A3285D74160094C304 /* MaxCounters.swift */,
				9B7D67A5285D7E3A0094C304 /* MissingInteger.swift */,
				9B7D67A7285D9A8B0094C304 /* PassingCars.swift */,
				9B7D67A9285DACF60094C304 /* CountDiv.swift */,
				9B7D67AB285DD0640094C304 /* GenomicRangeQuery.swift */,
				9B7D67AD285E0F270094C304 /* MinAvgTwoSlice.swift */,
				9B7D67AF285E9F0C0094C304 /* Distinct.swift */,
				9B7D67B1285E9F3D0094C304 /* MaxProductOfThree.swift */,
				9B7D67B2285EA6440094C304 /* Triangle.swift */,
			);
			path = Codility;
			sourceTree = "<group>";
		};
		9B90AB2F2890CCD3004B2A06 /* LeetCode */ = {
			isa = PBXGroup;
			children = (
				9B90AB332890E589004B2A06 /* Medium */,
				9B90AB302890CCDB004B2A06 /* Easy */,
			);
			path = LeetCode;
			sourceTree = "<group>";
		};
		9B90AB302890CCDB004B2A06 /* Easy */ = {
			isa = PBXGroup;
			children = (
				9BD5296D2876729F008B1340 /* 1.swift */,
				9B90AB342890F057004B2A06 /* 1108.swift */,
				9B90AB362890F229004B2A06 /* 2011.swift */,
				9B90AB382890F3D8004B2A06 /* 2236.swift */,
				9B90AB3A28910015004B2A06 /* 1672.swift */,
				9B90AB3C2891009E004B2A06 /* 2114.swift */,
				9B90AB3E2891025C004B2A06 /* 1470.swift */,
				9B90AB42289106C4004B2A06 /* 1476.swift */,
				9B90AB4428910A3B004B2A06 /* 1512.swift */,
				9B90AB4628914555004B2A06 /* 771.swift */,
				9B90AB48289149BF004B2A06 /* 1603.swift */,
				9B90AB4A2891553A004B2A06 /* 1431.swift */,
				9B90AB5228923085004B2A06 /* 1281.swift */,
				9B90AB5428923226004B2A06 /* 1365.swift */,
				9B90AB5628925C73004B2A06 /* 344.swift */,
				9B90AB68289266A3004B2A06 /* 237.swift */,
				9B90AB6928927806004B2A06 /* 104.swift */,
				9BF206C028951AD300820C6E /* 226.swift */,
				9BF206C228951C5500820C6E /* 94.swift */,
				9BF206C428954B2100820C6E /* 206.swift */,
				9BF206C8289613A100820C6E /* 136.swift */,
				9BF206D92897F58100820C6E /* 169.swift */,
				9BF206DB2898076400820C6E /* 21.swift */,
			);
			path = Easy;
			sourceTree = "<group>";
		};
		9B90AB332890E589004B2A06 /* Medium */ = {
			isa = PBXGroup;
			children = (
				9B90AB312890DA54004B2A06 /* 1689.swift */,
				9B90AB4028910391004B2A06 /* 1476.swift */,
				9B90AB4C28920DFE004B2A06 /* 1302.swift */,
				9B90AB4E2892126C004B2A06 /* 2181.swift */,
				9B90AB672892623F004B2A06 /* 46.swift */,
				9BF206C628955AB700820C6E /* 22.swift */,
				9BF206CA2896173900820C6E /* 230.swift */,
				9BF206CC289629AB00820C6E /* 48.swift */,
				9BF206CE28963AC500820C6E /* 739.swift */,
				9BF206D2289668D800820C6E /* 39.swift */,
				9BF206D72897F20400820C6E /* 49.swift */,
			);
			path = Medium;
			sourceTree = "<group>";
		};
/* End PBXGroup section */

/* Begin PBXNativeTarget section */
		9B6CF91527C32FD1007384B2 /* SwiftAlgorithm */ = {
			isa = PBXNativeTarget;
			buildConfigurationList = 9B6CF91D27C32FD1007384B2 /* Build configuration list for PBXNativeTarget "SwiftAlgorithm" */;
			buildPhases = (
				9B6CF91227C32FD1007384B2 /* Sources */,
				9B6CF91327C32FD1007384B2 /* Frameworks */,
				9B6CF91427C32FD1007384B2 /* CopyFiles */,
			);
			buildRules = (
			);
			dependencies = (
			);
			name = SwiftAlgorithm;
			productName = SwiftAlgorithm;
			productReference = 9B6CF91627C32FD1007384B2 /* SwiftAlgorithm */;
			productType = "com.apple.product-type.tool";
		};
/* End PBXNativeTarget section */

/* Begin PBXProject section */
		9B6CF90E27C32FD1007384B2 /* Project object */ = {
			isa = PBXProject;
			attributes = {
				BuildIndependentTargetsInParallel = 1;
				LastSwiftUpdateCheck = 1320;
				LastUpgradeCheck = 1320;
				TargetAttributes = {
					9B6CF91527C32FD1007384B2 = {
						CreatedOnToolsVersion = 13.2.1;
						LastSwiftMigration = 1330;
					};
				};
			};
			buildConfigurationList = 9B6CF91127C32FD1007384B2 /* Build configuration list for PBXProject "SwiftAlgorithm" */;
			compatibilityVersion = "Xcode 13.0";
			developmentRegion = en;
			hasScannedForEncodings = 0;
			knownRegions = (
				en,
				Base,
			);
			mainGroup = 9B6CF90D27C32FD1007384B2;
			productRefGroup = 9B6CF91727C32FD1007384B2 /* Products */;
			projectDirPath = "";
			projectRoot = "";
			targets = (
				9B6CF91527C32FD1007384B2 /* SwiftAlgorithm */,
			);
		};
/* End PBXProject section */

/* Begin PBXSourcesBuildPhase section */
		9B6CF91227C32FD1007384B2 /* Sources */ = {
			isa = PBXSourcesBuildPhase;
			buildActionMask = 2147483647;
			files = (
				9B7D67A4285D74160094C304 /* MaxCounters.swift in Sources */,
				9B7D67AA285DACF60094C304 /* CountDiv.swift in Sources */,
			);
			runOnlyForDeploymentPostprocessing = 0;
		};
/* End PBXSourcesBuildPhase section */

/* Begin XCBuildConfiguration section */
		9B6CF91B27C32FD1007384B2 /* Debug */ = {
			isa = XCBuildConfiguration;
			buildSettings = {
				ALWAYS_SEARCH_USER_PATHS = NO;
				CLANG_ANALYZER_NONNULL = YES;
				CLANG_ANALYZER_NUMBER_OBJECT_CONVERSION = YES_AGGRESSIVE;
				CLANG_CXX_LANGUAGE_STANDARD = "gnu++17";
				CLANG_CXX_LIBRARY = "libc++";
				CLANG_ENABLE_MODULES = YES;
				CLANG_ENABLE_OBJC_ARC = YES;
				CLANG_ENABLE_OBJC_WEAK = YES;
				CLANG_WARN_BLOCK_CAPTURE_AUTORELEASING = YES;
				CLANG_WARN_BOOL_CONVERSION = YES;
				CLANG_WARN_COMMA = YES;
				CLANG_WARN_CONSTANT_CONVERSION = YES;
				CLANG_WARN_DEPRECATED_OBJC_IMPLEMENTATIONS = YES;
				CLANG_WARN_DIRECT_OBJC_ISA_USAGE = YES_ERROR;
				CLANG_WARN_DOCUMENTATION_COMMENTS = YES;
				CLANG_WARN_EMPTY_BODY = YES;
				CLANG_WARN_ENUM_CONVERSION = YES;
				CLANG_WARN_INFINITE_RECURSION = YES;
				CLANG_WARN_INT_CONVERSION = YES;
				CLANG_WARN_NON_LITERAL_NULL_CONVERSION = YES;
				CLANG_WARN_OBJC_IMPLICIT_RETAIN_SELF = YES;
				CLANG_WARN_OBJC_LITERAL_CONVERSION = YES;
				CLANG_WARN_OBJC_ROOT_CLASS = YES_ERROR;
				CLANG_WARN_QUOTED_INCLUDE_IN_FRAMEWORK_HEADER = YES;
				CLANG_WARN_RANGE_LOOP_ANALYSIS = YES;
				CLANG_WARN_STRICT_PROTOTYPES = YES;
				CLANG_WARN_SUSPICIOUS_MOVE = YES;
				CLANG_WARN_UNGUARDED_AVAILABILITY = YES_AGGRESSIVE;
				CLANG_WARN_UNREACHABLE_CODE = YES;
				CLANG_WARN__DUPLICATE_METHOD_MATCH = YES;
				COPY_PHASE_STRIP = NO;
				DEBUG_INFORMATION_FORMAT = dwarf;
				ENABLE_STRICT_OBJC_MSGSEND = YES;
				ENABLE_TESTABILITY = YES;
				GCC_C_LANGUAGE_STANDARD = gnu11;
				GCC_DYNAMIC_NO_PIC = NO;
				GCC_NO_COMMON_BLOCKS = YES;
				GCC_OPTIMIZATION_LEVEL = 0;
				GCC_PREPROCESSOR_DEFINITIONS = (
					"DEBUG=1",
					"$(inherited)",
				);
				GCC_WARN_64_TO_32_BIT_CONVERSION = YES;
				GCC_WARN_ABOUT_RETURN_TYPE = YES_ERROR;
				GCC_WARN_UNDECLARED_SELECTOR = YES;
				GCC_WARN_UNINITIALIZED_AUTOS = YES_AGGRESSIVE;
				GCC_WARN_UNUSED_FUNCTION = YES;
				GCC_WARN_UNUSED_VARIABLE = YES;
				MACOSX_DEPLOYMENT_TARGET = 12.1;
				MTL_ENABLE_DEBUG_INFO = INCLUDE_SOURCE;
				MTL_FAST_MATH = YES;
				ONLY_ACTIVE_ARCH = YES;
				SDKROOT = macosx;
				SWIFT_ACTIVE_COMPILATION_CONDITIONS = DEBUG;
				SWIFT_OPTIMIZATION_LEVEL = "-Onone";
			};
			name = Debug;
		};
		9B6CF91C27C32FD1007384B2 /* Release */ = {
			isa = XCBuildConfiguration;
			buildSettings = {
				ALWAYS_SEARCH_USER_PATHS = NO;
				CLANG_ANALYZER_NONNULL = YES;
				CLANG_ANALYZER_NUMBER_OBJECT_CONVERSION = YES_AGGRESSIVE;
				CLANG_CXX_LANGUAGE_STANDARD = "gnu++17";
				CLANG_CXX_LIBRARY = "libc++";
				CLANG_ENABLE_MODULES = YES;
				CLANG_ENABLE_OBJC_ARC = YES;
				CLANG_ENABLE_OBJC_WEAK = YES;
				CLANG_WARN_BLOCK_CAPTURE_AUTORELEASING = YES;
				CLANG_WARN_BOOL_CONVERSION = YES;
				CLANG_WARN_COMMA = YES;
				CLANG_WARN_CONSTANT_CONVERSION = YES;
				CLANG_WARN_DEPRECATED_OBJC_IMPLEMENTATIONS = YES;
				CLANG_WARN_DIRECT_OBJC_ISA_USAGE = YES_ERROR;
				CLANG_WARN_DOCUMENTATION_COMMENTS = YES;
				CLANG_WARN_EMPTY_BODY = YES;
				CLANG_WARN_ENUM_CONVERSION = YES;
				CLANG_WARN_INFINITE_RECURSION = YES;
				CLANG_WARN_INT_CONVERSION = YES;
				CLANG_WARN_NON_LITERAL_NULL_CONVERSION = YES;
				CLANG_WARN_OBJC_IMPLICIT_RETAIN_SELF = YES;
				CLANG_WARN_OBJC_LITERAL_CONVERSION = YES;
				CLANG_WARN_OBJC_ROOT_CLASS = YES_ERROR;
				CLANG_WARN_QUOTED_INCLUDE_IN_FRAMEWORK_HEADER = YES;
				CLANG_WARN_RANGE_LOOP_ANALYSIS = YES;
				CLANG_WARN_STRICT_PROTOTYPES = YES;
				CLANG_WARN_SUSPICIOUS_MOVE = YES;
				CLANG_WARN_UNGUARDED_AVAILABILITY = YES_AGGRESSIVE;
				CLANG_WARN_UNREACHABLE_CODE = YES;
				CLANG_WARN__DUPLICATE_METHOD_MATCH = YES;
				COPY_PHASE_STRIP = NO;
				DEBUG_INFORMATION_FORMAT = "dwarf-with-dsym";
				ENABLE_NS_ASSERTIONS = NO;
				ENABLE_STRICT_OBJC_MSGSEND = YES;
				GCC_C_LANGUAGE_STANDARD = gnu11;
				GCC_NO_COMMON_BLOCKS = YES;
				GCC_WARN_64_TO_32_BIT_CONVERSION = YES;
				GCC_WARN_ABOUT_RETURN_TYPE = YES_ERROR;
				GCC_WARN_UNDECLARED_SELECTOR = YES;
				GCC_WARN_UNINITIALIZED_AUTOS = YES_AGGRESSIVE;
				GCC_WARN_UNUSED_FUNCTION = YES;
				GCC_WARN_UNUSED_VARIABLE = YES;
				MACOSX_DEPLOYMENT_TARGET = 12.1;
				MTL_ENABLE_DEBUG_INFO = NO;
				MTL_FAST_MATH = YES;
				SDKROOT = macosx;
				SWIFT_COMPILATION_MODE = wholemodule;
				SWIFT_OPTIMIZATION_LEVEL = "-O";
			};
			name = Release;
		};
		9B6CF91E27C32FD1007384B2 /* Debug */ = {
			isa = XCBuildConfiguration;
			buildSettings = {
				CLANG_ENABLE_MODULES = YES;
				CODE_SIGN_STYLE = Automatic;
				DEVELOPMENT_TEAM = 5VPZU4RB4D;
				ENABLE_HARDENED_RUNTIME = YES;
				LD_RUNPATH_SEARCH_PATHS = (
					"$(inherited)",
					"@executable_path/../Frameworks",
					"@loader_path/../Frameworks",
				);
				PRODUCT_NAME = "$(TARGET_NAME)";
				SWIFT_OPTIMIZATION_LEVEL = "-Onone";
				SWIFT_VERSION = 5.0;
			};
			name = Debug;
		};
		9B6CF91F27C32FD1007384B2 /* Release */ = {
			isa = XCBuildConfiguration;
			buildSettings = {
				CLANG_ENABLE_MODULES = YES;
				CODE_SIGN_STYLE = Automatic;
				DEVELOPMENT_TEAM = 5VPZU4RB4D;
				ENABLE_HARDENED_RUNTIME = YES;
				LD_RUNPATH_SEARCH_PATHS = (
					"$(inherited)",
					"@executable_path/../Frameworks",
					"@loader_path/../Frameworks",
				);
				PRODUCT_NAME = "$(TARGET_NAME)";
				SWIFT_VERSION = 5.0;
			};
			name = Release;
		};
/* End XCBuildConfiguration section */

/* Begin XCConfigurationList section */
		9B6CF91127C32FD1007384B2 /* Build configuration list for PBXProject "SwiftAlgorithm" */ = {
			isa = XCConfigurationList;
			buildConfigurations = (
				9B6CF91B27C32FD1007384B2 /* Debug */,
				9B6CF91C27C32FD1007384B2 /* Release */,
			);
			defaultConfigurationIsVisible = 0;
			defaultConfigurationName = Release;
		};
		9B6CF91D27C32FD1007384B2 /* Build configuration list for PBXNativeTarget "SwiftAlgorithm" */ = {
			isa = XCConfigurationList;
			buildConfigurations = (
				9B6CF91E27C32FD1007384B2 /* Debug */,
				9B6CF91F27C32FD1007384B2 /* Release */,
			);
			defaultConfigurationIsVisible = 0;
			defaultConfigurationName = Release;
		};
/* End XCConfigurationList section */
	};
	rootObject = 9B6CF90E27C32FD1007384B2 /* Project object */;
}
